
Microsoft Visual Studio Solution File, Format Version 12.00
# Visual Studio Version 17
VisualStudioVersion = 17.14.36301.6
MinimumVisualStudioVersion = 10.0.40219.1
Project("{FAE04EC0-301F-11D3-BF4B-00C04F79EFBC}") = "RunCat365", "RunCat365\RunCat365.csproj", "{CE0ABB30-977D-4DBC-8B69-EC9D6BD72000}"
EndProject
Project("{C7167F0D-BC9F-4E6E-AFE1-012C56B48DB5}") = "WapForStore", "WapForStore\WapForStore.wapproj", "{5B865D12-1A70-4311-8EBA-010E117FE616}"
EndProject
Global
	GlobalSection(SolutionConfigurationPlatforms) = preSolution
		Debug|ARM64 = Debug|ARM64
		Debug|x64 = Debug|x64
		Debug|x86 = Debug|x86
		Release|ARM64 = Release|ARM64
		Release|x64 = Release|x64
		Release|x86 = Release|x86
	EndGlobalSection
	GlobalSection(ProjectConfigurationPlatforms) = postSolution
		{CE0ABB30-977D-4DBC-8B69-EC9D6BD72000}.Debug|ARM64.ActiveCfg = Debug|ARM64
		{CE0ABB30-977D-4DBC-8B69-EC9D6BD72000}.Debug|ARM64.Build.0 = Debug|ARM64
		{CE0ABB30-977D-4DBC-8B69-EC9D6BD72000}.Debug|x64.ActiveCfg = Debug|x64
		{CE0ABB30-977D-4DBC-8B69-EC9D6BD72000}.Debug|x64.Build.0 = Debug|x64
		{CE0ABB30-977D-4DBC-8B69-EC9D6BD72000}.Debug|x86.ActiveCfg = Debug|x86
		{CE0ABB30-977D-4DBC-8B69-EC9D6BD72000}.Debug|x86.Build.0 = Debug|x86
		{CE0ABB30-977D-4DBC-8B69-EC9D6BD72000}.Release|ARM64.ActiveCfg = Release|ARM64
		{CE0ABB30-977D-4DBC-8B69-EC9D6BD72000}.Release|ARM64.Build.0 = Release|ARM64
		{CE0ABB30-977D-4DBC-8B69-EC9D6BD72000}.Release|x64.ActiveCfg = Release|x64
		{CE0ABB30-977D-4DBC-8B69-EC9D6BD72000}.Release|x64.Build.0 = Release|x64
		{CE0ABB30-977D-4DBC-8B69-EC9D6BD72000}.Release|x86.ActiveCfg = Release|x86
		{CE0ABB30-977D-4DBC-8B69-EC9D6BD72000}.Release|x86.Build.0 = Release|x86
		{5B865D12-1A70-4311-8EBA-010E117FE616}.Debug|ARM64.ActiveCfg = Debug|ARM64
		{5B865D12-1A70-4311-8EBA-010E117FE616}.Debug|ARM64.Build.0 = Debug|ARM64
		{5B865D12-1A70-4311-8EBA-010E117FE616}.Debug|ARM64.Deploy.0 = Debug|ARM64
		{5B865D12-1A70-4311-8EBA-010E117FE616}.Debug|x64.ActiveCfg = Debug|x64
		{5B865D12-1A70-4311-8EBA-010E117FE616}.Debug|x64.Build.0 = Debug|x64
		{5B865D12-1A70-4311-8EBA-010E117FE616}.Debug|x64.Deploy.0 = Debug|x64
		{5B865D12-1A70-4311-8EBA-010E117FE616}.Debug|x86.ActiveCfg = Debug|x86
		{5B865D12-1A70-4311-8EBA-010E117FE616}.Debug|x86.Build.0 = Debug|x86
		{5B865D12-1A70-4311-8EBA-010E117FE616}.Debug|x86.Deploy.0 = Debug|x86
		{5B865D12-1A70-4311-8EBA-010E117FE616}.Release|ARM64.ActiveCfg = Release|ARM64
		{5B865D12-1A70-4311-8EBA-010E117FE616}.Release|ARM64.Build.0 = Release|ARM64
		{5B865D12-1A70-4311-8EBA-010E117FE616}.Release|ARM64.Deploy.0 = Release|ARM64
		{5B865D12-1A70-4311-8EBA-010E117FE616}.Release|x64.ActiveCfg = Release|x64
		{5B865D12-1A70-4311-8EBA-010E117FE616}.Release|x64.Build.0 = Release|x64
		{5B865D12-1A70-4311-8EBA-010E117FE616}.Release|x64.Deploy.0 = Release|x64
		{5B865D12-1A70-4311-8EBA-010E117FE616}.Release|x86.ActiveCfg = Release|x86
		{5B865D12-1A70-4311-8EBA-010E117FE616}.Release|x86.Build.0 = Release|x86
		{5B865D12-1A70-4311-8EBA-010E117FE616}.Release|x86.Deploy.0 = Release|x86
	EndGlobalSection
	GlobalSection(SolutionProperties) = preSolution
		HideSolutionNode = FALSE
	EndGlobalSection
	GlobalSection(ExtensibilityGlobals) = postSolution
		SolutionGuid = {04BCEA3C-C8B1-4028-A4AD-6C50E8210E5B}
	EndGlobalSection
EndGlobal
